{
    "_meta": {
        "hash": {
            "sha256": "f8df9d3f82264315551af66b9cbc76a5e0c5ea656feaef30b3c8235e15d64e43"
        },
        "pipfile-spec": 6,
        "requires": {
            "python_version": "3.6"
        },
        "sources": [
            {
                "name": "pypi",
                "url": "https://pypi.python.org/simple",
                "verify_ssl": true
            }
        ]
    },
    "default": {
        "asgiref": {
            "hashes": [
                "sha256:5ee950735509d04eb673bd7f7120f8fa1c9e2df495394992c73234d526907e17",
                "sha256:7162a3cb30ab0609f1a4c95938fd73e8604f63bdba516a7f7d64b83ff09478f0"
            ],
            "version": "==3.3.1"
        },
        "blinker": {
            "hashes": [
                "sha256:471aee25f3992bd325afa3772f1063dbdbbca947a041b8b89466dc00d606f8b6"
            ],
            "version": "==1.4"
        },
        "brotli": {
            "hashes": [
                "sha256:160c78292e98d21e73a4cc7f76a234390e516afcd982fa17e1422f7c6a9ce9c8",
                "sha256:16d528a45c2e1909c2798f27f7bf0a3feec1dc9e50948e738b961618e38b6a7b",
                "sha256:1c48472a6ba3b113452355b9af0a60da5c2ae60477f8feda8346f8fd48e3e87c",
                "sha256:268fe94547ba25b58ebc724680609c8ee3e5a843202e9a381f6f9c5e8bdb5c70",
                "sha256:269a5743a393c65db46a7bb982644c67ecba4b8d91b392403ad8a861ba6f495f",
                "sha256:35a3edbe18e876e596553c4007a087f8bcfd538f19bc116917b3c7522fca0429",
                "sha256:3b78a24b5fd13c03ee2b7b86290ed20efdc95da75a3557cc06811764d5ad1126",
                "sha256:40d15c79f42e0a2c72892bf407979febd9cf91f36f495ffb333d1d04cebb34e4",
                "sha256:4d1b810aa0ed773f81dceda2cc7b403d01057458730e309856356d4ef4188438",
                "sha256:503fa6af7da9f4b5780bb7e4cbe0c639b010f12be85d02c99452825dd0feef3f",
                "sha256:56d027eace784738457437df7331965473f2c0da2c70e1a1f6fdbae5402e0389",
                "sha256:5913a1177fc36e30fcf6dc868ce23b0453952c78c04c266d3149b3d39e1410d6",
                "sha256:5b6ef7d9f9c38292df3690fe3e302b5b530999fa90014853dcd0d6902fb59f26",
                "sha256:5cb1e18167792d7d21e21365d7650b72d5081ed476123ff7b8cac7f45189c0c7",
                "sha256:61a7ee1f13ab913897dac7da44a73c6d44d48a4adff42a5701e3239791c96e14",
                "sha256:68715970f16b6e92c574c30747c95cf8cf62804569647386ff032195dc89a430",
                "sha256:6b2ae9f5f67f89aade1fab0f7fd8f2832501311c363a21579d02defa844d9296",
                "sha256:6c772d6c0a79ac0f414a9f8947cc407e119b8598de7621f39cacadae3cf57d12",
                "sha256:7cb81373984cc0e4682f31bc3d6be9026006d96eecd07ea49aafb06897746452",
                "sha256:854c33dad5ba0fbd6ab69185fec8dab89e13cda6b7d191ba111987df74f38761",
                "sha256:88c63a1b55f352b02c6ffd24b15ead9fc0e8bf781dbe070213039324922a2eea",
                "sha256:93130612b837103e15ac3f9cbacb4613f9e348b58b3aad53721d92e57f96d46a",
                "sha256:97f715cf371b16ac88b8c19da00029804e20e25f30d80203417255d239f228b5",
                "sha256:9d12cf2851759b8de8ca5fde36a59c08210a97ffca0eb94c532ce7b17c6a3d1d",
                "sha256:afde17ae04d90fbe53afb628f7f2d4ca022797aa093e809de5c3cf276f61bbfa",
                "sha256:b663f1e02de5d0573610756398e44c130add0eb9a3fc912a09665332942a2efb",
                "sha256:c2415d9d082152460f2bd4e382a1e85aed233abc92db5a3880da2257dc7daf7b",
                "sha256:c83aa123d56f2e060644427a882a36b3c12db93727ad7a7b9efd7d7f3e9cc2c4",
                "sha256:cfc391f4429ee0a9370aa93d812a52e1fee0f37a81861f4fdd1f4fb28e8547c3",
                "sha256:db844eb158a87ccab83e868a762ea8024ae27337fc7ddcbfcddd157f841fdfe7",
                "sha256:defed7ea5f218a9f2336301e6fd379f55c655bea65ba2476346340a0ce6f74a1",
                "sha256:f909bbbc433048b499cb9db9e713b5d8d949e8c109a2a548502fb9aa8630f0b1"
            ],
            "version": "==1.0.9"
        },
        "certifi": {
            "hashes": [
                "sha256:1a4995114262bffbc2413b159f2a1a480c969de6e6eb13ee966d470af86af59c",
                "sha256:719a74fb9e33b9bd44cc7f3a8d94bc35e4049deebe19ba7d8e108280cfd59830"
            ],
            "version": "==2020.12.5"
        },
        "cffi": {
            "hashes": [
                "sha256:005a36f41773e148deac64b08f233873a4d0c18b053d37da83f6af4d9087b813",
                "sha256:0857f0ae312d855239a55c81ef453ee8fd24136eaba8e87a2eceba644c0d4c06",
                "sha256:1071534bbbf8cbb31b498d5d9db0f274f2f7a865adca4ae429e147ba40f73dea",
                "sha256:158d0d15119b4b7ff6b926536763dc0714313aa59e320ddf787502c70c4d4bee",
                "sha256:1f436816fc868b098b0d63b8920de7d208c90a67212546d02f84fe78a9c26396",
                "sha256:2894f2df484ff56d717bead0a5c2abb6b9d2bf26d6960c4604d5c48bbc30ee73",
                "sha256:29314480e958fd8aab22e4a58b355b629c59bf5f2ac2492b61e3dc06d8c7a315",
                "sha256:34eff4b97f3d982fb93e2831e6750127d1355a923ebaeeb565407b3d2f8d41a1",
                "sha256:35f27e6eb43380fa080dccf676dece30bef72e4a67617ffda586641cd4508d49",
                "sha256:3d3dd4c9e559eb172ecf00a2a7517e97d1e96de2a5e610bd9b68cea3925b4892",
                "sha256:43e0b9d9e2c9e5d152946b9c5fe062c151614b262fda2e7b201204de0b99e482",
                "sha256:48e1c69bbacfc3d932221851b39d49e81567a4d4aac3b21258d9c24578280058",
                "sha256:51182f8927c5af975fece87b1b369f722c570fe169f9880764b1ee3bca8347b5",
                "sha256:58e3f59d583d413809d60779492342801d6e82fefb89c86a38e040c16883be53",
                "sha256:5de7970188bb46b7bf9858eb6890aad302577a5f6f75091fd7cdd3ef13ef3045",
                "sha256:65fa59693c62cf06e45ddbb822165394a288edce9e276647f0046e1ec26920f3",
                "sha256:69e395c24fc60aad6bb4fa7e583698ea6cc684648e1ffb7fe85e3c1ca131a7d5",
                "sha256:6c97d7350133666fbb5cf4abdc1178c812cb205dc6f41d174a7b0f18fb93337e",
                "sha256:6e4714cc64f474e4d6e37cfff31a814b509a35cb17de4fb1999907575684479c",
                "sha256:72d8d3ef52c208ee1c7b2e341f7d71c6fd3157138abf1a95166e6165dd5d4369",
                "sha256:8ae6299f6c68de06f136f1f9e69458eae58f1dacf10af5c17353eae03aa0d827",
                "sha256:8b198cec6c72df5289c05b05b8b0969819783f9418e0409865dac47288d2a053",
                "sha256:99cd03ae7988a93dd00bcd9d0b75e1f6c426063d6f03d2f90b89e29b25b82dfa",
                "sha256:9cf8022fb8d07a97c178b02327b284521c7708d7c71a9c9c355c178ac4bbd3d4",
                "sha256:9de2e279153a443c656f2defd67769e6d1e4163952b3c622dcea5b08a6405322",
                "sha256:9e93e79c2551ff263400e1e4be085a1210e12073a31c2011dbbda14bda0c6132",
                "sha256:9ff227395193126d82e60319a673a037d5de84633f11279e336f9c0f189ecc62",
                "sha256:a465da611f6fa124963b91bf432d960a555563efe4ed1cc403ba5077b15370aa",
                "sha256:ad17025d226ee5beec591b52800c11680fca3df50b8b29fe51d882576e039ee0",
                "sha256:afb29c1ba2e5a3736f1c301d9d0abe3ec8b86957d04ddfa9d7a6a42b9367e396",
                "sha256:b85eb46a81787c50650f2392b9b4ef23e1f126313b9e0e9013b35c15e4288e2e",
                "sha256:bb89f306e5da99f4d922728ddcd6f7fcebb3241fc40edebcb7284d7514741991",
                "sha256:cbde590d4faaa07c72bf979734738f328d239913ba3e043b1e98fe9a39f8b2b6",
                "sha256:cd2868886d547469123fadc46eac7ea5253ea7fcb139f12e1dfc2bbd406427d1",
                "sha256:d42b11d692e11b6634f7613ad8df5d6d5f8875f5d48939520d351007b3c13406",
                "sha256:f2d45f97ab6bb54753eab54fffe75aaf3de4ff2341c9daee1987ee1837636f1d",
                "sha256:fd78e5fee591709f32ef6edb9a015b4aa1a5022598e36227500c8f4e02328d9c"
            ],
            "version": "==1.14.5"
        },
        "click": {
            "hashes": [
                "sha256:d2b5255c7c6349bc1bd1e59e08cd12acbbd63ce649f2588755783aa94dfb6b1a",
                "sha256:dacca89f4bfadd5de3d7489b7c8a566eee0d3676333fbb50030263894c38c0dc"
            ],
            "version": "==7.1.2"
        },
        "construct": {
            "hashes": [
                "sha256:2271a0efd0798679dea825ff47e22a4c550456a5db0ba8baa82f7eae0af0118c"
            ],
            "index": "pypi",
            "version": "==2.9.45"
        },
        "cryptography": {
            "hashes": [
                "sha256:07ca431b788249af92764e3be9a488aa1d39a0bc3be313d826bbec690417e538",
                "sha256:13b88a0bd044b4eae1ef40e265d006e34dbcde0c2f1e15eb9896501b2d8f6c6f",
                "sha256:32434673d8505b42c0de4de86da8c1620651abd24afe91ae0335597683ed1b77",
                "sha256:3cd75a683b15576cfc822c7c5742b3276e50b21a06672dc3a800a2d5da4ecd1b",
                "sha256:4e7268a0ca14536fecfdf2b00297d4e407da904718658c1ff1961c713f90fd33",
                "sha256:545a8550782dda68f8cdc75a6e3bf252017aa8f75f19f5a9ca940772fc0cb56e",
                "sha256:55d0b896631412b6f0c7de56e12eb3e261ac347fbaa5d5e705291a9016e5f8cb",
                "sha256:5849d59358547bf789ee7e0d7a9036b2d29e9a4ddf1ce5e06bb45634f995c53e",
                "sha256:6dc59630ecce8c1f558277ceb212c751d6730bd12c80ea96b4ac65637c4f55e7",
                "sha256:7117319b44ed1842c617d0a452383a5a052ec6aa726dfbaffa8b94c910444297",
                "sha256:75e8e6684cf0034f6bf2a97095cb95f81537b12b36a8fedf06e73050bb171c2d",
                "sha256:7b8d9d8d3a9bd240f453342981f765346c87ade811519f98664519696f8e6ab7",
                "sha256:a035a10686532b0587d58a606004aa20ad895c60c4d029afa245802347fab57b",
                "sha256:a4e27ed0b2504195f855b52052eadcc9795c59909c9d84314c5408687f933fc7",
                "sha256:a733671100cd26d816eed39507e585c156e4498293a907029969234e5e634bc4",
                "sha256:a75f306a16d9f9afebfbedc41c8c2351d8e61e818ba6b4c40815e2b5740bb6b8",
                "sha256:bd717aa029217b8ef94a7d21632a3bb5a4e7218a4513d2521c2a2fd63011e98b",
                "sha256:d25cecbac20713a7c3bc544372d42d8eafa89799f492a43b79e1dfd650484851",
                "sha256:d26a2557d8f9122f9bf445fc7034242f4375bd4e95ecda007667540270965b13",
                "sha256:d3545829ab42a66b84a9aaabf216a4dce7f16dbc76eb69be5c302ed6b8f4a29b",
                "sha256:d3d5e10be0cf2a12214ddee45c6bd203dab435e3d83b4560c03066eda600bfe3",
                "sha256:efe15aca4f64f3a7ea0c09c87826490e50ed166ce67368a68f315ea0807a20df"
            ],
            "index": "pypi",
            "version": "==3.2.1"
        },
        "dataclasses": {
            "hashes": [
                "sha256:0201d89fa866f68c8ebd9d08ee6ff50c0b255f8ec63a71c16fda7af82bb887bf",
                "sha256:8479067f342acf957dc82ec415d355ab5edb7e7646b90dc6e2fd1d96ad084c97"
            ],
            "markers": "python_version == '3.6'",
            "version": "==0.8"
        },
        "docopt": {
            "hashes": [
                "sha256:49b3a825280bd66b3aa83585ef59c4a8c82f2c8a522dbe754a8bc8d08c85c491"
            ],
            "index": "pypi",
            "version": "==0.6.2"
        },
        "flask": {
            "hashes": [
                "sha256:4efa1ae2d7c9865af48986de8aeb8504bf32c7f3d6fdc9353d34b21f4b127060",
                "sha256:8a4fdd8936eba2512e9c85df320a37e694c93945b33ef33c89946a340a238557"
            ],
            "version": "==1.1.2"
        },
        "h11": {
            "hashes": [
                "sha256:36a3cb8c0a032f56e2da7084577878a035d3b61d104230d4bd49c0c6b555a9c6",
                "sha256:47222cb6067e4a307d535814917cd98fd0a57b6788ce715755fa2b6c28b56042"
            ],
            "version": "==0.12.0"
        },
        "h2": {
            "hashes": [
                "sha256:ac9e293a1990b339d5d71b19c5fe630e3dd4d768c620d1730d355485323f1b25",
                "sha256:bb7ac7099dd67a857ed52c815a6192b6b1f5ba6b516237fc24a085341340593d"
            ],
            "markers": "python_version >= '3.6.0'",
            "version": "==4.0.0"
        },
        "hpack": {
            "hashes": [
                "sha256:84a076fad3dc9a9f8063ccb8041ef100867b1878b25ef0ee63847a5d53818a6c",
                "sha256:fc41de0c63e687ebffde81187a948221294896f6bdc0ae2312708df339430095"
            ],
            "version": "==4.0.0"
        },
        "hyperframe": {
            "hashes": [
                "sha256:742d2a4bc3152a340a49d59f32e33ec420aa8e7054c1444ef5c7efff255842f1",
                "sha256:a51026b1591cac726fc3d0b7994fbc7dc5efab861ef38503face2930fd7b2d34"
            ],
            "markers": "python_version >= '3.6.0'",
            "version": "==6.0.0"
        },
        "itsdangerous": {
            "hashes": [
                "sha256:321b033d07f2a4136d3ec762eac9f16a10ccd60f53c0c91af90217ace7ba1f19",
                "sha256:b12271b2047cb23eeb98c8b5622e2e5c5e9abd9784a153e9d8ef9cb4dd09d749"
            ],
            "version": "==1.1.0"
        },
        "jinja2": {
            "hashes": [
                "sha256:03e47ad063331dd6a3f04a43eddca8a966a26ba0c5b7207a9a9e4e08f1b29419",
                "sha256:a6d58433de0ae800347cab1fa3043cebbabe8baa9d29e668f1c768cb87a333c6"
            ],
            "index": "pypi",
            "version": "==2.11.3"
        },
        "kaitaistruct": {
            "hashes": [
                "sha256:3d5845817ec8a4d5504379cc11bd570b038850ee49c4580bc0998c8fb1d327ad"
            ],
            "version": "==0.9"
        },
        "ldap3": {
            "hashes": [
                "sha256:37d633e20fa360c302b1263c96fe932d40622d0119f1bddcb829b03462eeeeb7",
                "sha256:7c3738570766f5e5e74a56fade15470f339d5c436d821cf476ef27da0a4de8b0"
            ],
            "version": "==2.8.1"
        },
        "markupsafe": {
            "hashes": [
                "sha256:00bc623926325b26bb9605ae9eae8a215691f33cae5df11ca5424f06f2d1f473",
                "sha256:09027a7803a62ca78792ad89403b1b7a73a01c8cb65909cd876f7fcebd79b161",
                "sha256:09c4b7f37d6c648cb13f9230d847adf22f8171b1ccc4d5682398e77f40309235",
                "sha256:1027c282dad077d0bae18be6794e6b6b8c91d58ed8a8d89a89d59693b9131db5",
                "sha256:13d3144e1e340870b25e7b10b98d779608c02016d5184cfb9927a9f10c689f42",
                "sha256:195d7d2c4fbb0ee8139a6cf67194f3973a6b3042d742ebe0a9ed36d8b6f0c07f",
                "sha256:22c178a091fc6630d0d045bdb5992d2dfe14e3259760e713c490da5323866c39",
                "sha256:24982cc2533820871eba85ba648cd53d8623687ff11cbb805be4ff7b4c971aff",
                "sha256:29872e92839765e546828bb7754a68c418d927cd064fd4708fab9fe9c8bb116b",
                "sha256:2beec1e0de6924ea551859edb9e7679da6e4870d32cb766240ce17e0a0ba2014",
                "sha256:3b8a6499709d29c2e2399569d96719a1b21dcd94410a586a18526b143ec8470f",
                "sha256:43a55c2930bbc139570ac2452adf3d70cdbb3cfe5912c71cdce1c2c6bbd9c5d1",
                "sha256:46c99d2de99945ec5cb54f23c8cd5689f6d7177305ebff350a58ce5f8de1669e",
                "sha256:500d4957e52ddc3351cabf489e79c91c17f6e0899158447047588650b5e69183",
                "sha256:535f6fc4d397c1563d08b88e485c3496cf5784e927af890fb3c3aac7f933ec66",
                "sha256:596510de112c685489095da617b5bcbbac7dd6384aeebeda4df6025d0256a81b",
                "sha256:62fe6c95e3ec8a7fad637b7f3d372c15ec1caa01ab47926cfdf7a75b40e0eac1",
                "sha256:6788b695d50a51edb699cb55e35487e430fa21f1ed838122d722e0ff0ac5ba15",
                "sha256:6dd73240d2af64df90aa7c4e7481e23825ea70af4b4922f8ede5b9e35f78a3b1",
                "sha256:6f1e273a344928347c1290119b493a1f0303c52f5a5eae5f16d74f48c15d4a85",
                "sha256:6fffc775d90dcc9aed1b89219549b329a9250d918fd0b8fa8d93d154918422e1",
                "sha256:717ba8fe3ae9cc0006d7c451f0bb265ee07739daf76355d06366154ee68d221e",
                "sha256:79855e1c5b8da654cf486b830bd42c06e8780cea587384cf6545b7d9ac013a0b",
                "sha256:7c1699dfe0cf8ff607dbdcc1e9b9af1755371f92a68f706051cc8c37d447c905",
                "sha256:7fed13866cf14bba33e7176717346713881f56d9d2bcebab207f7a036f41b850",
                "sha256:84dee80c15f1b560d55bcfe6d47b27d070b4681c699c572af2e3c7cc90a3b8e0",
                "sha256:88e5fcfb52ee7b911e8bb6d6aa2fd21fbecc674eadd44118a9cc3863f938e735",
                "sha256:8defac2f2ccd6805ebf65f5eeb132adcf2ab57aa11fdf4c0dd5169a004710e7d",
                "sha256:98bae9582248d6cf62321dcb52aaf5d9adf0bad3b40582925ef7c7f0ed85fceb",
                "sha256:98c7086708b163d425c67c7a91bad6e466bb99d797aa64f965e9d25c12111a5e",
                "sha256:9add70b36c5666a2ed02b43b335fe19002ee5235efd4b8a89bfcf9005bebac0d",
                "sha256:9bf40443012702a1d2070043cb6291650a0841ece432556f784f004937f0f32c",
                "sha256:a6a744282b7718a2a62d2ed9d993cad6f5f585605ad352c11de459f4108df0a1",
                "sha256:acf08ac40292838b3cbbb06cfe9b2cb9ec78fce8baca31ddb87aaac2e2dc3bc2",
                "sha256:ade5e387d2ad0d7ebf59146cc00c8044acbd863725f887353a10df825fc8ae21",
                "sha256:b00c1de48212e4cc9603895652c5c410df699856a2853135b3967591e4beebc2",
                "sha256:b1282f8c00509d99fef04d8ba936b156d419be841854fe901d8ae224c59f0be5",
                "sha256:b1dba4527182c95a0db8b6060cc98ac49b9e2f5e64320e2b56e47cb2831978c7",
                "sha256:b2051432115498d3562c084a49bba65d97cf251f5a331c64a12ee7e04dacc51b",
                "sha256:b7d644ddb4dbd407d31ffb699f1d140bc35478da613b441c582aeb7c43838dd8",
                "sha256:ba59edeaa2fc6114428f1637ffff42da1e311e29382d81b339c1817d37ec93c6",
                "sha256:bf5aa3cbcfdf57fa2ee9cd1822c862ef23037f5c832ad09cfea57fa846dec193",
                "sha256:c8716a48d94b06bb3b2524c2b77e055fb313aeb4ea620c8dd03a105574ba704f",
                "sha256:caabedc8323f1e93231b52fc32bdcde6db817623d33e100708d9a68e1f53b26b",
                "sha256:cd5df75523866410809ca100dc9681e301e3c27567cf498077e8551b6d20e42f",
                "sha256:cdb132fc825c38e1aeec2c8aa9338310d29d337bebbd7baa06889d09a60a1fa2",
                "sha256:d53bc011414228441014aa71dbec320c66468c1030aae3a6e29778a3382d96e5",
                "sha256:d73a845f227b0bfe8a7455ee623525ee656a9e2e749e4742706d80a6065d5e2c",
                "sha256:d9be0ba6c527163cbed5e0857c451fcd092ce83947944d6c14bc95441203f032",
                "sha256:e249096428b3ae81b08327a63a485ad0878de3fb939049038579ac0ef61e17e7",
                "sha256:e8313f01ba26fbbe36c7be1966a7b7424942f670f38e666995b88d012765b9be",
                "sha256:feb7b34d6325451ef96bc0e36e1a6c0c1c64bc1fbec4b854f4529e51887b1621"
            ],
            "version": "==1.1.1"
        },
        "mitmproxy": {
            "hashes": [
                "sha256:481940365fc08fc2318343e530ef01d35084e8b56d1c61b5e1a7b6ed9b664d24"
            ],
            "index": "pypi",
            "version": "==5.3.0"
        },
        "msgpack": {
            "hashes": [
                "sha256:0cb94ee48675a45d3b86e61d13c1e6f1696f0183f0715544976356ff86f741d9",
                "sha256:1026dcc10537d27dd2d26c327e552f05ce148977e9d7b9f1718748281b38c841",
                "sha256:26a1759f1a88df5f1d0b393eb582ec022326994e311ba9c5818adc5374736439",
                "sha256:2a5866bdc88d77f6e1370f82f2371c9bc6fc92fe898fa2dec0c5d4f5435a2694",
                "sha256:31c17bbf2ae5e29e48d794c693b7ca7a0c73bd4280976d408c53df421e838d2a",
                "sha256:497d2c12426adcd27ab83144057a705efb6acc7e85957a51d43cdcf7f258900f",
                "sha256:5a9ee2540c78659a1dd0b110f73773533ee3108d4e1219b5a15a8d635b7aca0e",
                "sha256:8521e5be9e3b93d4d5e07cb80b7e32353264d143c1f072309e1863174c6aadb1",
                "sha256:87869ba567fe371c4555d2e11e4948778ab6b59d6cc9d8460d543e4cfbbddd1c",
                "sha256:8ffb24a3b7518e843cd83538cf859e026d24ec41ac5721c18ed0c55101f9775b",
                "sha256:92be4b12de4806d3c36810b0fe2aeedd8d493db39e2eb90742b9c09299eb5759",
                "sha256:9ea52fff0473f9f3000987f313310208c879493491ef3ccf66268eff8d5a0326",
                "sha256:a4355d2193106c7aa77c98fc955252a737d8550320ecdb2e9ac701e15e2943bc",
                "sha256:a99b144475230982aee16b3d249170f1cccebf27fb0a08e9f603b69637a62192",
                "sha256:ac25f3e0513f6673e8b405c3a80500eb7be1cf8f57584be524c4fa78fe8e0c83",
                "sha256:b28c0876cce1466d7c2195d7658cf50e4730667196e2f1355c4209444717ee06",
                "sha256:b55f7db883530b74c857e50e149126b91bb75d35c08b28db12dcb0346f15e46e",
                "sha256:b6d9e2dae081aa35c44af9c4298de4ee72991305503442a5c74656d82b581fe9",
                "sha256:c747c0cc08bd6d72a586310bda6ea72eeb28e7505990f342552315b229a19b33",
                "sha256:d6c64601af8f3893d17ec233237030e3110f11b8a962cb66720bf70c0141aa54",
                "sha256:d8167b84af26654c1124857d71650404336f4eb5cc06900667a493fc619ddd9f",
                "sha256:de6bd7990a2c2dabe926b7e62a92886ccbf809425c347ae7de277067f97c2887",
                "sha256:e36a812ef4705a291cdb4a2fd352f013134f26c6ff63477f20235138d1d21009",
                "sha256:e89ec55871ed5473a041c0495b7b4e6099f6263438e0bd04ccd8418f92d5d7f2",
                "sha256:f3e6aaf217ac1c7ce1563cf52a2f4f5d5b1f64e8729d794165db71da57257f0c",
                "sha256:f484cd2dca68502de3704f056fa9b318c94b1539ed17a4c784266df5d6978c87",
                "sha256:fae04496f5bc150eefad4e9571d1a76c55d021325dcd484ce45065ebbdd00984",
                "sha256:fe07bc6735d08e492a327f496b7850e98cb4d112c56df69b0c844dbebcbb47f6"
            ],
            "version": "==1.0.2"
        },
        "passlib": {
            "hashes": [
                "sha256:aa6bca462b8d8bda89c70b382f0c298a20b5560af6cbfa2dce410c0a2fb669f1",
                "sha256:defd50f72b65c5402ab2c573830a6978e5f202ad0d984793c8dde2c4152ebe04"
            ],
            "version": "==1.7.4"
        },
        "protobuf": {
            "hashes": [
                "sha256:0bba42f439bf45c0f600c3c5993666fcb88e8441d011fad80a11df6f324eef33",
                "sha256:1e834076dfef9e585815757a2c7e4560c7ccc5962b9d09f831214c693a91b463",
                "sha256:339c3a003e3c797bc84499fa32e0aac83c768e67b3de4a5d7a5a9aa3b0da634c",
                "sha256:361acd76f0ad38c6e38f14d08775514fbd241316cce08deb2ce914c7dfa1184a",
                "sha256:3dee442884a18c16d023e52e32dd34a8930a889e511af493f6dc7d4d9bf12e4f",
                "sha256:4d1174c9ed303070ad59553f435846a2f877598f59f9afc1b89757bdf846f2a7",
                "sha256:5db9d3e12b6ede5e601b8d8684a7f9d90581882925c96acf8495957b4f1b204b",
                "sha256:6a82e0c8bb2bf58f606040cc5814e07715b2094caeba281e2e7d0b0e2e397db5",
                "sha256:8c35bcbed1c0d29b127c886790e9d37e845ffc2725cc1db4bd06d70f4e8359f4",
                "sha256:91c2d897da84c62816e2f473ece60ebfeab024a16c1751aaf31100127ccd93ec",
                "sha256:9c2e63c1743cba12737169c447374fab3dfeb18111a460a8c1a000e35836b18c",
                "sha256:9edfdc679a3669988ec55a989ff62449f670dfa7018df6ad7f04e8dbacb10630",
                "sha256:c0c5ab9c4b1eac0a9b838f1e46038c3175a95b0f2d944385884af72876bd6bc7",
                "sha256:c8abd7605185836f6f11f97b21200f8a864f9cb078a193fe3c9e235711d3ff1e",
                "sha256:d69697acac76d9f250ab745b46c725edf3e98ac24763990b24d58c16c642947a",
                "sha256:df3932e1834a64b46ebc262e951cd82c3cf0fa936a154f0a42231140d8237060",
                "sha256:e7662437ca1e0c51b93cadb988f9b353fa6b8013c0385d63a70c8a77d84da5f9",
                "sha256:f68eb9d03c7d84bd01c790948320b768de8559761897763731294e3bc316decb"
            ],
            "version": "==3.13.0"
        },
        "publicsuffix2": {
            "hashes": [
                "sha256:00f8cc31aa8d0d5592a5ced19cccba7de428ebca985db26ac852d920ddd6fe7b",
                "sha256:786b5e36205b88758bd3518725ec8cfe7a8173f5269354641f581c6b80a99893"
            ],
            "version": "==2.20191221"
        },
        "pyasn1": {
            "hashes": [
                "sha256:39c7e2ec30515947ff4e87fb6f456dfc6e84857d34be479c9d4a4ba4bf46aa5d",
                "sha256:aef77c9fb94a3ac588e87841208bdec464471d9871bd5050a287cc9a475cd0ba"
            ],
            "version": "==0.4.8"
        },
        "pycparser": {
            "hashes": [
                "sha256:2d475327684562c3a96cc71adf7dc8c4f0565175cf86b6d7a404ff4c771f15f0",
                "sha256:7582ad22678f0fcd81102833f60ef8d0e57288b6b5fb00323d101be910e35705"
            ],
            "version": "==2.20"
        },
        "pyopenssl": {
            "hashes": [
                "sha256:621880965a720b8ece2f1b2f54ea2071966ab00e2970ad2ce11d596102063504",
                "sha256:9a24494b2602aaf402be5c9e30a0b82d4a5c67528fe8fb475e3f3bc00dd69507"
            ],
            "version": "==19.1.0"
        },
        "pyparsing": {
            "hashes": [
                "sha256:c203ec8783bf771a155b207279b9bccb8dea02d8f0c9e5f8ead507bc3246ecc1",
                "sha256:ef9d7589ef3c200abe66653d3f1ab1033c3c419ae9b9bdb1240a85b024efc88b"
            ],
            "version": "==2.4.7"
        },
        "pyperclip": {
            "hashes": [
                "sha256:105254a8b04934f0bc84e9c24eb360a591aaf6535c9def5f29d92af107a9bf57"
            ],
            "version": "==1.8.2"
        },
        "ruamel.yaml": {
            "hashes": [
                "sha256:64b06e7873eb8e1125525ecef7345447d786368cadca92a7cd9b59eae62e95a3",
                "sha256:bb48c514222702878759a05af96f4b7ecdba9b33cd4efcf25c86b882cef3a942"
            ],
            "version": "==0.16.13"
        },
        "ruamel.yaml.clib": {
            "hashes": [
                "sha256:058a1cc3df2a8aecc12f983a48bda99315cebf55a3b3a5463e37bb599b05727b",
                "sha256:1236df55e0f73cd138c0eca074ee086136c3f16a97c2ac719032c050f7e0622f",
                "sha256:1f8c0a4577c0e6c99d208de5c4d3fd8aceed9574bb154d7a2b21c16bb924154c",
                "sha256:2602e91bd5c1b874d6f93d3086f9830f3e907c543c7672cf293a97c3fabdcd91",
                "sha256:28116f204103cb3a108dfd37668f20abe6e3cafd0d3fd40dba126c732457b3cc",
                "sha256:2d24bd98af676f4990c4d715bcdc2a60b19c56a3fb3a763164d2d8ca0e806ba7",
                "sha256:2fd336a5c6415c82e2deb40d08c222087febe0aebe520f4d21910629018ab0f3",
                "sha256:30dca9bbcbb1cc858717438218d11eafb78666759e5094dd767468c0d577a7e7",
                "sha256:44c7b0498c39f27795224438f1a6be6c5352f82cb887bc33d962c3a3acc00df6",
                "sha256:464e66a04e740d754170be5e740657a3b3b6d2bcc567f0c3437879a6e6087ff6",
                "sha256:46d6d20815064e8bb023ea8628cfb7402c0f0e83de2c2227a88097e239a7dffd",
                "sha256:4df5019e7783d14b79217ad9c56edf1ba7485d614ad5a385d1b3c768635c81c0",
                "sha256:4e52c96ca66de04be42ea2278012a2342d89f5e82b4512fb6fb7134e377e2e62",
                "sha256:5254af7d8bdf4d5484c089f929cb7f5bafa59b4f01d4f48adda4be41e6d29f99",
                "sha256:52ae5739e4b5d6317b52f5b040b1b6639e8af68a5b8fd606a8b08658fbd0cab5",
                "sha256:53b9dd1abd70e257a6e32f934ebc482dac5edb8c93e23deb663eac724c30b026",
                "sha256:6c0a5dc52fc74eb87c67374a4e554d4761fd42a4d01390b7e868b30d21f4b8bb",
                "sha256:73b3d43e04cc4b228fa6fa5d796409ece6fcb53a6c270eb2048109cbcbc3b9c2",
                "sha256:74161d827407f4db9072011adcfb825b5258a5ccb3d2cd518dd6c9edea9e30f1",
                "sha256:75f0ee6839532e52a3a53f80ce64925ed4aed697dd3fa890c4c918f3304bd4f4",
                "sha256:839dd72545ef7ba78fd2aa1a5dd07b33696adf3e68fae7f31327161c1093001b",
                "sha256:8be05be57dc5c7b4a0b24edcaa2f7275866d9c907725226cdde46da09367d923",
                "sha256:8e8fd0a22c9d92af3a34f91e8a2594eeb35cba90ab643c5e0e643567dc8be43e",
                "sha256:a873e4d4954f865dcb60bdc4914af7eaae48fb56b60ed6daa1d6251c72f5337c",
                "sha256:ab845f1f51f7eb750a78937be9f79baea4a42c7960f5a94dde34e69f3cce1988",
                "sha256:b1e981fe1aff1fd11627f531524826a4dcc1f26c726235a52fcb62ded27d150f",
                "sha256:b4b0d31f2052b3f9f9b5327024dc629a253a83d8649d4734ca7f35b60ec3e9e5",
                "sha256:c6ac7e45367b1317e56f1461719c853fd6825226f45b835df7436bb04031fd8a",
                "sha256:daf21aa33ee9b351f66deed30a3d450ab55c14242cfdfcd377798e2c0d25c9f1",
                "sha256:e9f7d1d8c26a6a12c23421061f9022bb62704e38211fe375c645485f38df34a2",
                "sha256:f6061a31880c1ed6b6ce341215336e2f3d0c1deccd84957b6fa8ca474b41e89f"
            ],
            "markers": "platform_python_implementation == 'CPython' and python_version < '3.10'",
            "version": "==0.2.2"
        },
        "six": {
            "hashes": [
                "sha256:30639c035cdb23534cd4aa2dd52c3bf48f06e5f4a941509c8bafd8ce11080259",
                "sha256:8b74bedcbbbaca38ff6d7491d76f2b06b3592611af620f8426e82dddb04a5ced"
            ],
            "version": "==1.15.0"
        },
        "sortedcontainers": {
            "hashes": [
                "sha256:4e73a757831fc3ca4de2859c422564239a31d8213d09a2a666e375807034d2ba",
                "sha256:c633ebde8580f241f274c1f8994a665c0e54a17724fecd0cae2f079e09c36d3f"
            ],
            "version": "==2.2.2"
        },
        "tornado": {
            "hashes": [
                "sha256:0a00ff4561e2929a2c37ce706cb8233b7907e0cdc22eab98888aca5dd3775feb",
                "sha256:0d321a39c36e5f2c4ff12b4ed58d41390460f798422c4504e09eb5678e09998c",
                "sha256:1e8225a1070cd8eec59a996c43229fe8f95689cb16e552d130b9793cb570a288",
                "sha256:20241b3cb4f425e971cb0a8e4ffc9b0a861530ae3c52f2b0434e6c1b57e9fd95",
                "sha256:25ad220258349a12ae87ede08a7b04aca51237721f63b1808d39bdb4b2164558",
                "sha256:33892118b165401f291070100d6d09359ca74addda679b60390b09f8ef325ffe",
                "sha256:33c6e81d7bd55b468d2e793517c909b139960b6c790a60b7991b9b6b76fb9791",
                "sha256:3447475585bae2e77ecb832fc0300c3695516a47d46cefa0528181a34c5b9d3d",
                "sha256:34ca2dac9e4d7afb0bed4677512e36a52f09caa6fded70b4e3e1c89dbd92c326",
                "sha256:3e63498f680547ed24d2c71e6497f24bca791aca2fe116dbc2bd0ac7f191691b",
                "sha256:548430be2740e327b3fe0201abe471f314741efcb0067ec4f2d7dcfb4825f3e4",
                "sha256:6196a5c39286cc37c024cd78834fb9345e464525d8991c21e908cc046d1cc02c",
                "sha256:61b32d06ae8a036a6607805e6720ef00a3c98207038444ba7fd3d169cd998910",
                "sha256:6286efab1ed6e74b7028327365cf7346b1d777d63ab30e21a0f4d5b275fc17d5",
                "sha256:65d98939f1a2e74b58839f8c4dab3b6b3c1ce84972ae712be02845e65391ac7c",
                "sha256:66324e4e1beede9ac79e60f88de548da58b1f8ab4b2f1354d8375774f997e6c0",
                "sha256:6c77c9937962577a6a76917845d06af6ab9197702a42e1346d8ae2e76b5e3675",
                "sha256:70dec29e8ac485dbf57481baee40781c63e381bebea080991893cd297742b8fd",
                "sha256:7250a3fa399f08ec9cb3f7b1b987955d17e044f1ade821b32e5f435130250d7f",
                "sha256:748290bf9112b581c525e6e6d3820621ff020ed95af6f17fedef416b27ed564c",
                "sha256:7da13da6f985aab7f6f28debab00c67ff9cbacd588e8477034c0652ac141feea",
                "sha256:8f959b26f2634a091bb42241c3ed8d3cedb506e7c27b8dd5c7b9f745318ddbb6",
                "sha256:9de9e5188a782be6b1ce866e8a51bc76a0fbaa0e16613823fc38e4fc2556ad05",
                "sha256:a48900ecea1cbb71b8c71c620dee15b62f85f7c14189bdeee54966fbd9a0c5bd",
                "sha256:b87936fd2c317b6ee08a5741ea06b9d11a6074ef4cc42e031bc6403f82a32575",
                "sha256:c77da1263aa361938476f04c4b6c8916001b90b2c2fdd92d8d535e1af48fba5a",
                "sha256:cb5ec8eead331e3bb4ce8066cf06d2dfef1bfb1b2a73082dfe8a161301b76e37",
                "sha256:cc0ee35043162abbf717b7df924597ade8e5395e7b66d18270116f8745ceb795",
                "sha256:d14d30e7f46a0476efb0deb5b61343b1526f73ebb5ed84f23dc794bdb88f9d9f",
                "sha256:d371e811d6b156d82aa5f9a4e08b58debf97c302a35714f6f45e35139c332e32",
                "sha256:d3d20ea5782ba63ed13bc2b8c291a053c8d807a8fa927d941bd718468f7b950c",
                "sha256:d3f7594930c423fd9f5d1a76bee85a2c36fd8b4b16921cae7e965f22575e9c01",
                "sha256:dcef026f608f678c118779cd6591c8af6e9b4155c44e0d1bc0c87c036fb8c8c4",
                "sha256:e0791ac58d91ac58f694d8d2957884df8e4e2f6687cdf367ef7eb7497f79eaa2",
                "sha256:e385b637ac3acaae8022e7e47dfa7b83d3620e432e3ecb9a3f7f58f150e50921",
                "sha256:e519d64089b0876c7b467274468709dadf11e41d65f63bba207e04217f47c085",
                "sha256:e7229e60ac41a1202444497ddde70a48d33909e484f96eb0da9baf8dc68541df",
                "sha256:ed3ad863b1b40cd1d4bd21e7498329ccaece75db5a5bf58cd3c9f130843e7102",
                "sha256:f0ba29bafd8e7e22920567ce0d232c26d4d47c8b5cf4ed7b562b5db39fa199c5",
                "sha256:fa2ba70284fa42c2a5ecb35e322e68823288a4251f9ba9cc77be04ae15eada68",
                "sha256:fba85b6cd9c39be262fcd23865652920832b61583de2a2ca907dbd8e8a8c81e5"
            ],
            "version": "==6.1"
        },
        "urwid": {
            "hashes": [
                "sha256:588bee9c1cb208d0906a9f73c613d2bd32c3ed3702012f51efe318a3f2127eae"
            ],
            "version": "==2.1.2"
        },
        "werkzeug": {
            "hashes": [
                "sha256:2de2a5db0baeae7b2d2664949077c2ac63fbd16d98da0ff71837f7d1dea3fd43",
                "sha256:6c80b1e5ad3665290ea39320b91e1be1e0d5f60652b964a3070216de83d2e47c"
            ],
            "version": "==1.0.1"
        },
        "wsproto": {
            "hashes": [
                "sha256:614798c30e5dc2b3f65acc03d2d50842b97621487350ce79a80a711229edfa9d",
                "sha256:e3d190a11d9307112ba23bbe60055604949b172143969c8f641318476a9b6f1d"
            ],
            "version": "==0.15.0"
        },
        "zstandard": {
            "hashes": [
                "sha256:064aac12b8e7813fa3870e7479e9cbd3803e33212b68e555b408711ea8f6cb54",
                "sha256:0b3ae587556a6f45cd982d7684b1318793430d0ae9e376dbc3d877b48ac6d576",
                "sha256:0b57df1f9530669d61f8708eb15ded6584db4a6733cc5155eb8561d31f292557",
                "sha256:0e5b8fd428d0d00fb7dabc0898de9e87659cb54738d527becff37d3d90df8e88",
                "sha256:17e8f29aae79d870daa3ab48c0dbf83594bf956c2c2125ae45cdfebd2b62d8ed",
                "sha256:1be45b237fea45c705d83215450a9381c2787bbf0720824b1fe23ed72f8db0b7",
                "sha256:1c065de617b7367c4da4de687a071932e48ae200d09c0afbc24415d98aec470d",
                "sha256:2075be64372206af3df40fef0fee657b44845d3e6d98b4cc8aba220be861de2d",
                "sha256:24ab8f1c7c970822bd55dbb091f7eb271b417e777e8b3ae6722e60d67f747c05",
                "sha256:2826d664eb84f9efe0fae47cf20c27f3662aae3556fbcc4cecd5318fbc9239f3",
                "sha256:3382ce6e44e9e847dce848bc2638403aa9320cb38edcc34b71e13be5793619e0",
                "sha256:36cd223d7fd0fe0e32e82993240e9a24503269c93431e62369088e2299cf4605",
                "sha256:391c30620e3ad6bc53804f32e3f74cbbaa713d95f46ac5f2e54e735d1dfc51c0",
                "sha256:3948000d753b9110e1eb43a6cba6fdb64c895faebb47628a96550edc5238b78a",
                "sha256:3bd044ef32bd6738c3db2cb2d4bc77812e9a3132df942303bbfcd1a484023b60",
                "sha256:403fa9544ecdedcc5fdc48f5e41e092658ac48222cfe6e75fb5710cb3d14c700",
                "sha256:41eab10e6570e14dd77a346f3dbb1eab3f23a652bce07ba47c8c23116b0cee9c",
                "sha256:477db538b596767d036379165a27aa2e19edbae50bec4cea195a986ba50bbad6",
                "sha256:4b054fd8cf274b958a3d7a201f8b42a30ebf8f76d87770075e1aca6017006e97",
                "sha256:4e6d6b0e541b00d0096a260d5f6eb32f737bfcdb2e5b87a7b7be77ef669c7a6c",
                "sha256:5be097127be1659bc6cffb5d885c781e61947597e2fcd1ecf48713313e53657d",
                "sha256:5dd700e52ec28c64d43f681ccde76b6436c8f89a332d6c9e22a6b629f28daeb5",
                "sha256:657a49b1df5a82985ea6495c6c1497a17e34e41a0bd8ef95a640342a19b8e6a4",
                "sha256:6f437168752e50ad6a47d054f4a41933693b1675f65663c117067747d95f057c",
                "sha256:70dfe74b24971476a6a20d42abb964c9ac0fb1af7b89228e5845748377543bd0",
                "sha256:7161d71debb94c456cbddd8a239e89219f37f0b1a4c0620a2c1400801aeeec7d",
                "sha256:7309bf511c8b332be2b5a834efbd7ee0cd43db2c811dd916fd0f48acd43e8722",
                "sha256:7c3c9657417bf1eccb94ad64544e12efa8ea3e16612944b32e253314472a54e5",
                "sha256:8486a01696e3cdfa47b93caa8f5064c9d277bad1c39eb31947bf2b8f019e3510",
                "sha256:85b37acd054f8f778e5c9832e17fb651f321a3daafa0eb94360eeffce141b0cf",
                "sha256:8df3114dfff411aa9827d754bb8fdcdaa15e63c96d7730778fe322f4c85360d8",
                "sha256:90f0bb1adcfea326c6548a45cc35474bec56a34d80310b6e78abab313da780fc",
                "sha256:95939a7e3972ec20e2e959ee9cd0fd858b25ff3a6f5040c5c78fcab51eeab030",
                "sha256:a51a09a3be208e627ebb518a78c639d240584f5d1da8106dcafa31d22103b4df",
                "sha256:a72cb707cc0a9d06e3912fe5b6c1648d70ac512f3e180018c82fe926926be12c",
                "sha256:a820ef78f39c29469caacb0bf43ffd024b78f242393c605daa748588b3247306",
                "sha256:aab21dd5724aa5bdd0aac16f5d175e5df0715fc614910220a918d50f08321982",
                "sha256:ac9b88a72f2dcfa3facbe6af96d59e82459e5815c15aa59481cc6080937ee02e",
                "sha256:b508a826c4b99835e3d8a8d415a6e516cacad4a95ef5ed01f60f9b067f200a51",
                "sha256:bd4da25cc46e972b029f8aa9f103c5977dbe461e1916ff7edec24065071b4a08",
                "sha256:cf67443d06b88218eb8915da2d968dcf6fdc384fb245f97155617ff3b8d77e92",
                "sha256:d2db7bcdc9b3e5a782d71df0163a6587b8b2f759cc4a819859e27e6ad2f778e6",
                "sha256:d2ec8309309fc7254d21286d6b3e5c28e4019cd8e266d1a860456a69ea7c2400",
                "sha256:d2fd76d29f4e8d7c4aac42617a0439506144146032b5d7b9b0a42f37f916fdb2",
                "sha256:d34848645f3507dc85baa8c67426f0685b08583e930fa3a1ab5048c5f0ba8fc1",
                "sha256:d3999f92ab7aab2a99ac7f7730b3bee8d6bd3e52953ed0e87ab881ca4244a315",
                "sha256:d4a7065d7fc991edb93483dbb7bc37dd091a2bac9572d9b9df243e6565d30522",
                "sha256:d78db92ac27cdcd55333b7e642cd400719842e692e8836f0b249e459b26d384b",
                "sha256:d7fecb5172dc885665581437fe96bf8f03ffc0022b723964c272accbb62713b4",
                "sha256:db1b3442441577d81bdae85fc7a4bd553e3161ec745e9dd1f2f93889248363fe",
                "sha256:e3731e0dc1c200e5c2f56ca36bed6c28903f764769f534fbf9ed4178f193e8aa",
                "sha256:e3963c919f65367587cf987a71991e69385f19cec9ad8166249b83e176cdbcd8",
                "sha256:e80ade52a06fb433c9ad7d6c8cfb3dafa34f05bedce543e95a670972ba41d65d",
                "sha256:ec1a20936484f3804fba4f29f7d8ed67c70e44536b0f0191a13eff4dc61c815c",
                "sha256:ed14a62f8bf2462f19373c337527ff684deb6d0d6b973fbcaece1f561c30f405",
                "sha256:fb5f0d29bcbfba6ef9beccba55f567d089747034add5cd7e8dc58842bb745803",
                "sha256:fbbe18afb67329577ab6a907f348175d3f6044d179a9b56b02206ff9e67c5b12"
            ],
            "version": "==0.14.1"
        }
    },
    "develop": {}
}
